
Microsoft Visual Studio Solution File, Format Version 11.00
# Visual Studio 2010
Project("{8BC9CEB8-8B4A-11D0-8D11-00A0C91BC942}") = "TCPclient", "TCPclient\TCPclient.vcxproj", "{E02885E1-F283-438D-8834-484B8D541713}"
EndProject
Global
	GlobalSection(SolutionConfigurationPlatforms) = preSolution
		Debug|Win32 = Debug|Win32
		Release|Win32 = Release|Win32
	EndGlobalSection
	GlobalSection(ProjectConfigurationPlatforms) = postSolution
		{E02885E1-F283-438D-8834-484B8D541713}.Debug|Win32.ActiveCfg = Debug|Win32
		{E02885E1-F283-438D-8834-484B8D541713}.Debug|Win32.Build.0 = Debug|Win32
		{E02885E1-F283-438D-8834-484B8D541713}.Release|Win32.ActiveCfg = Release|Win32
		{E02885E1-F283-438D-8834-484B8D541713}.Release|Win32.Build.0 = Release|Win32
	EndGlobalSection
	GlobalSection(SolutionProperties) = preSolution
		HideSolutionNode = FALSE
	EndGlobalSection
EndGlobal
